{
  "name": "recastnavigation",
  "version": "3.0.0",
  "lockfileVersion": 1,
  "requires": true,
  "dependencies": {
    "cocos-recast": {
      "version": "1.0.7",
      "resolved": "https://registry.npmjs.org/cocos-recast/-/cocos-recast-1.0.7.tgz",
      "integrity": "sha512-npNWmpKHk+6unZjgO/WZvYPEEoM2UNAb9vKB3fnOm4KF2LFa6gTdla/yUnhTRd9LiSiOVsmpEdtLng9tQvY4+g=="
    }
  }
}
